
Microsoft Visual Studio Solution File, Format Version 12.00
# Visual Studio Version 17
VisualStudioVersion = 17.5.33103.201
MinimumVisualStudioVersion = 10.0.40219.1
Project("{9A19103F-16F7-4668-BE54-9A1E7A4F7556}") = "Auth.Api", "Auth.Api\Auth.Api.csproj", "{9A89C087-CE1C-44B1-B887-7F3E6E887D5C}"
EndProject
Project("{9A19103F-16F7-4668-BE54-9A1E7A4F7556}") = "Auth.Infrastructure", "Auth.Infrastructure\Auth.Infrastructure.csproj", "{0B3BFA82-69D0-4483-B08D-45473D29973F}"
EndProject
Project("{9A19103F-16F7-4668-BE54-9A1E7A4F7556}") = "Auth.Core", "Auth.Core\Auth.Core.csproj", "{F7CDAF09-C337-44FD-9D5B-DEDC011EDB66}"
EndProject
Project("{9A19103F-16F7-4668-BE54-9A1E7A4F7556}") = "Auth.Domain", "Auth.Domain\Auth.Domain.csproj", "{E7B3ACD4-AA93-402A-A1B5-257F697858F1}"
EndProject
Project("{2150E333-8FDC-42A3-9474-1A3956D46DE8}") = "Tests", "Tests", "{51476414-DBF1-482B-8BE5-7FC3D4B009EF}"
EndProject
Project("{2150E333-8FDC-42A3-9474-1A3956D46DE8}") = "UnitTests", "UnitTests", "{BFE027E1-9FB8-4A01-B40D-1E4562659891}"
EndProject
Project("{2150E333-8FDC-42A3-9474-1A3956D46DE8}") = "SystemTests", "SystemTests", "{D0227BD0-3DC8-4E29-AFEA-CDDB401FB50B}"
EndProject
Project("{2150E333-8FDC-42A3-9474-1A3956D46DE8}") = "Debug", "Debug", "{5500F2CC-A9E8-4C7B-9FB6-1325BAF26BF6}"
	ProjectSection(SolutionItems) = preProject
		Tests\HttpDebugTests\debug-tests.http = Tests\HttpDebugTests\debug-tests.http
	EndProjectSection
EndProject
Project("{FAE04EC0-301F-11D3-BF4B-00C04F79EFBC}") = "SmallApiToolkit.Core", "..\..\SmallApiToolkit\src\SmallApiToolkit.Core\SmallApiToolkit.Core.csproj", "{BAF3E627-73F4-462A-A89A-29C4EA31161C}"
EndProject
Project("{FAE04EC0-301F-11D3-BF4B-00C04F79EFBC}") = "SmallApiToolkit", "..\..\SmallApiToolkit\src\SmallApiToolkit\SmallApiToolkit.csproj", "{657B30DF-D9DE-46FE-B7B5-0C09DC7942C4}"
EndProject
Global
	GlobalSection(SolutionConfigurationPlatforms) = preSolution
		Debug|Any CPU = Debug|Any CPU
		Release|Any CPU = Release|Any CPU
	EndGlobalSection
	GlobalSection(ProjectConfigurationPlatforms) = postSolution
		{9A89C087-CE1C-44B1-B887-7F3E6E887D5C}.Debug|Any CPU.ActiveCfg = Debug|Any CPU
		{9A89C087-CE1C-44B1-B887-7F3E6E887D5C}.Debug|Any CPU.Build.0 = Debug|Any CPU
		{9A89C087-CE1C-44B1-B887-7F3E6E887D5C}.Release|Any CPU.ActiveCfg = Release|Any CPU
		{9A89C087-CE1C-44B1-B887-7F3E6E887D5C}.Release|Any CPU.Build.0 = Release|Any CPU
		{0B3BFA82-69D0-4483-B08D-45473D29973F}.Debug|Any CPU.ActiveCfg = Debug|Any CPU
		{0B3BFA82-69D0-4483-B08D-45473D29973F}.Debug|Any CPU.Build.0 = Debug|Any CPU
		{0B3BFA82-69D0-4483-B08D-45473D29973F}.Release|Any CPU.ActiveCfg = Release|Any CPU
		{0B3BFA82-69D0-4483-B08D-45473D29973F}.Release|Any CPU.Build.0 = Release|Any CPU
		{F7CDAF09-C337-44FD-9D5B-DEDC011EDB66}.Debug|Any CPU.ActiveCfg = Debug|Any CPU
		{F7CDAF09-C337-44FD-9D5B-DEDC011EDB66}.Debug|Any CPU.Build.0 = Debug|Any CPU
		{F7CDAF09-C337-44FD-9D5B-DEDC011EDB66}.Release|Any CPU.ActiveCfg = Release|Any CPU
		{F7CDAF09-C337-44FD-9D5B-DEDC011EDB66}.Release|Any CPU.Build.0 = Release|Any CPU
		{E7B3ACD4-AA93-402A-A1B5-257F697858F1}.Debug|Any CPU.ActiveCfg = Debug|Any CPU
		{E7B3ACD4-AA93-402A-A1B5-257F697858F1}.Debug|Any CPU.Build.0 = Debug|Any CPU
		{E7B3ACD4-AA93-402A-A1B5-257F697858F1}.Release|Any CPU.ActiveCfg = Release|Any CPU
		{E7B3ACD4-AA93-402A-A1B5-257F697858F1}.Release|Any CPU.Build.0 = Release|Any CPU
		{BAF3E627-73F4-462A-A89A-29C4EA31161C}.Debug|Any CPU.ActiveCfg = Debug|Any CPU
		{BAF3E627-73F4-462A-A89A-29C4EA31161C}.Debug|Any CPU.Build.0 = Debug|Any CPU
		{BAF3E627-73F4-462A-A89A-29C4EA31161C}.Release|Any CPU.ActiveCfg = Release|Any CPU
		{BAF3E627-73F4-462A-A89A-29C4EA31161C}.Release|Any CPU.Build.0 = Release|Any CPU
		{657B30DF-D9DE-46FE-B7B5-0C09DC7942C4}.Debug|Any CPU.ActiveCfg = Debug|Any CPU
		{657B30DF-D9DE-46FE-B7B5-0C09DC7942C4}.Debug|Any CPU.Build.0 = Debug|Any CPU
		{657B30DF-D9DE-46FE-B7B5-0C09DC7942C4}.Release|Any CPU.ActiveCfg = Release|Any CPU
		{657B30DF-D9DE-46FE-B7B5-0C09DC7942C4}.Release|Any CPU.Build.0 = Release|Any CPU
	EndGlobalSection
	GlobalSection(SolutionProperties) = preSolution
		HideSolutionNode = FALSE
	EndGlobalSection
	GlobalSection(NestedProjects) = preSolution
		{BFE027E1-9FB8-4A01-B40D-1E4562659891} = {51476414-DBF1-482B-8BE5-7FC3D4B009EF}
		{D0227BD0-3DC8-4E29-AFEA-CDDB401FB50B} = {51476414-DBF1-482B-8BE5-7FC3D4B009EF}
		{5500F2CC-A9E8-4C7B-9FB6-1325BAF26BF6} = {51476414-DBF1-482B-8BE5-7FC3D4B009EF}
	EndGlobalSection
	GlobalSection(ExtensibilityGlobals) = postSolution
		SolutionGuid = {B2AD13CB-F802-47B1-9A57-938FBD120D40}
	EndGlobalSection
EndGlobal
